{
    "_readme": [
        "This file locks the dependencies of your project to a known state",
        "Read more about it at http://getcomposer.org/doc/01-basic-usage.md#composer-lock-the-lock-file",
        "This file is @generated automatically"
    ],
    "hash": "fe0ef178bafa0d7136cae043a5d2c10b",
    "packages": [
        {
            "name": "codelight-eu/tinymce-advanced-blockquote",
            "version": "1.0.1",
            "dist": {
                "type": "zip",
                "url": "https://github.com/codelight-eu/tinymce-advanced-blockquote/archive/master.zip",
                "reference": null,
                "shasum": null
            },
            "require": {
                "fancyguy/webroot-installer": "1.*"
            },
            "type": "wordpress-plugin"
        },
        {
            "name": "codelight-eu/wp-cleanup",
            "version": "1.0.0",
            "dist": {
                "type": "zip",
                "url": "https://github.com/codelight-eu/wp-cleanup/archive/master.zip",
                "reference": null,
                "shasum": null
            },
            "require": {
                "fancyguy/webroot-installer": "1.*"
            },
            "type": "wordpress-plugin"
        },
        {
            "name": "composer/installers",
            "version": "v1.0.7",
            "source": {
                "type": "git",
                "url": "https://github.com/composer/installers.git",
                "reference": "d792632d27e1980d921cbbba12eab7b888338d4c"
            },
            "dist": {
                "type": "zip",
                "url": "https://api.github.com/repos/composer/installers/zipball/d792632d27e1980d921cbbba12eab7b888338d4c",
                "reference": "d792632d27e1980d921cbbba12eab7b888338d4c",
                "shasum": ""
            },
            "replace": {
                "shama/baton": "*"
            },
            "require-dev": {
                "composer/composer": "1.0.*@dev",
                "phpunit/phpunit": "3.7.*"
            },
            "type": "composer-installer",
            "extra": {
                "class": "Composer\\Installers\\Installer",
                "branch-alias": {
                    "dev-master": "1.0-dev"
                }
            },
            "autoload": {
                "psr-0": {
                    "Composer\\Installers\\": "src/"
                }
            },
            "notification-url": "https://packagist.org/downloads/",
            "license": [
                "MIT"
            ],
            "authors": [
                {
                    "name": "Kyle Robinson Young",
                    "email": "kyle@dontkry.com",
                    "homepage": "https://github.com/shama",
                    "role": "Developer"
                }
            ],
            "description": "A multi-framework Composer library installer",
            "homepage": "http://composer.github.com/installers/",
            "keywords": [
                "TYPO3 CMS",
                "TYPO3 Flow",
                "TYPO3 Neos",
                "agl",
                "cakephp",
                "codeigniter",
                "concrete5",
                "drupal",
                "fuelphp",
                "installer",
                "joomla",
                "kohana",
                "laravel",
                "li3",
                "lithium",
                "mako",
                "modulework",
                "phpbb",
                "ppi",
                "silverstripe",
                "symfony",
                "wordpress",
                "zend"
            ],
            "time": "2013-10-24 16:13:49"
        },
        {
            "name": "disqus/disqus",
            "version": "2.75",
            "dist": {
                "type": "zip",
                "url": "http://downloads.wordpress.org/plugin/disqus-comment-system.zip",
                "reference": null,
                "shasum": null
            },
            "type": "wordpress-plugin"
        },
        {
            "name": "fancyguy/webroot-installer",
            "version": "1.0.0",
            "source": {
                "type": "git",
                "url": "https://github.com/fancyguy/webroot-installer.git",
                "reference": "4888a3dad9ab3b3da505a149230be0ec2ab837f4"
            },
            "dist": {
                "type": "zip",
                "url": "https://api.github.com/repos/fancyguy/webroot-installer/zipball/4888a3dad9ab3b3da505a149230be0ec2ab837f4",
                "reference": "4888a3dad9ab3b3da505a149230be0ec2ab837f4",
                "shasum": ""
            },
            "require-dev": {
                "composer/composer": "1.0.*@dev",
                "phpunit/phpunit": "3.7.*"
            },
            "type": "composer-installer",
            "extra": {
                "class": "FancyGuy\\Composer\\WebrootInstaller"
            },
            "autoload": {
                "psr-0": {
                    "FancyGuy\\Composer\\": "src/"
                }
            },
            "notification-url": "https://packagist.org/downloads/",
            "license": [
                "BSD-3-Clause"
            ],
            "authors": [
                {
                    "name": "Steve Buzonas",
                    "email": "steve@fancyguy.com",
                    "homepage": "http://www.stevebuzonas.com"
                }
            ],
            "description": "A composer installer for libraries that live in an application webroot.",
            "homepage": "http://fancyguy.github.com/webroot-installer/",
            "time": "2013-01-29 22:51:45"
        },
        {
            "name": "roots/wp-stage-switcher",
            "version": "1.0.1",
            "source": {
                "type": "git",
                "url": "https://github.com/roots/wp-stage-switcher.git",
                "reference": "a22cc070927011058fecc07f2d82d79fe81a7f1a"
            },
            "dist": {
                "type": "zip",
                "url": "https://api.github.com/repos/roots/wp-stage-switcher/zipball/a22cc070927011058fecc07f2d82d79fe81a7f1a",
                "reference": "a22cc070927011058fecc07f2d82d79fe81a7f1a",
                "shasum": ""
            },
            "require": {
                "composer/installers": "~1.0",
                "php": ">=5.3.0"
            },
            "type": "wordpress-plugin",
            "notification-url": "https://packagist.org/downloads/",
            "license": [
                "MIT"
            ],
            "authors": [
                {
                    "name": "Scott Walkinshaw",
                    "email": "scott.walkinshaw@gmail.com",
                    "homepage": "https://github.com/swalkinshaw",
                    "role": "Roots/Bedrock developer"
                },
                {
                    "name": "Ben Word",
                    "email": "ben@benword.com",
                    "homepage": "https://github.com/retlehs",
                    "role": "Roots/Bedrock developer"
                }
            ],
            "description": "WordPress plugin that allows you to switch between different environments from the admin bar",
            "homepage": "http://roots.io/plugin/stage-switcher/",
            "keywords": [
                "wordpress"
            ],
            "time": "2014-04-07 23:12:11"
        },
        {
            "name": "wordpress",
            "version": "3.9.1",
            "dist": {
                "type": "zip",
                "url": "https://github.com/WordPress/WordPress/archive/3.9.1.zip",
                "reference": null,
                "shasum": null
            },
            "require": {
                "fancyguy/webroot-installer": "1.0.0"
            },
            "type": "webroot"
        },
        {
            "name": "wpackagist/advanced-custom-fields",
            "version": "4.3.8",
            "source": {
                "type": "svn",
                "url": "http://plugins.svn.wordpress.org/advanced-custom-fields/",
                "reference": "trunk"
            },
            "dist": {
                "type": "zip",
                "url": "http://downloads.wordpress.org/plugin/advanced-custom-fields.zip",
                "reference": null,
                "shasum": null
            },
            "require": {
                "composer/installers": "~1.0"
            },
            "type": "wordpress-plugin",
            "homepage": "http://wordpress.org/plugins/advanced-custom-fields/"
        },
        {
            "name": "wpackagist/debug-bar",
            "version": "0.8.1",
            "source": {
                "type": "svn",
                "url": "http://plugins.svn.wordpress.org/debug-bar/",
                "reference": "tags/0.8.1"
            },
            "dist": {
                "type": "zip",
                "url": "http://downloads.wordpress.org/plugin/debug-bar.0.8.1.zip",
                "reference": null,
                "shasum": null
            },
            "require": {
                "composer/installers": "~1.0"
            },
            "type": "wordpress-plugin",
            "homepage": "http://wordpress.org/plugins/debug-bar/"
        },
        {
            "name": "wpackagist/ewww-image-optimizer",
            "version": "1.9.1",
            "source": {
                "type": "svn",
                "url": "http://plugins.svn.wordpress.org/ewww-image-optimizer/",
                "reference": "tags/1.9.1"
            },
            "dist": {
                "type": "zip",
                "url": "http://downloads.wordpress.org/plugin/ewww-image-optimizer.1.9.1.zip",
                "reference": null,
                "shasum": null
            },
            "require": {
                "composer/installers": "~1.0"
            },
            "type": "wordpress-plugin",
            "homepage": "http://wordpress.org/plugins/ewww-image-optimizer/"
        },
        {
            "name": "wpackagist/google-sitemap-generator",
            "version": "4.0.6",
            "source": {
                "type": "svn",
                "url": "http://plugins.svn.wordpress.org/google-sitemap-generator/",
                "reference": "tags/4.0.6"
            },
            "dist": {
                "type": "zip",
                "url": "http://downloads.wordpress.org/plugin/google-sitemap-generator.4.0.6.zip",
                "reference": null,
                "shasum": null
            },
            "require": {
                "composer/installers": "~1.0"
            },
            "type": "wordpress-plugin",
            "homepage": "http://wordpress.org/plugins/google-sitemap-generator/"
        },
        {
            "name": "wpackagist/w3-total-cache",
            "version": "0.9.4",
            "source": {
                "type": "svn",
                "url": "http://plugins.svn.wordpress.org/w3-total-cache/",
                "reference": "tags/0.9.4"
            },
            "dist": {
                "type": "zip",
                "url": "http://downloads.wordpress.org/plugin/w3-total-cache.0.9.4.zip",
                "reference": null,
                "shasum": null
            },
            "require": {
                "composer/installers": "~1.0"
            },
            "type": "wordpress-plugin",
            "homepage": "http://wordpress.org/plugins/w3-total-cache/"
        },
        {
            "name": "wpackagist/wordfence",
            "version": "5.1.2",
            "source": {
                "type": "svn",
                "url": "http://plugins.svn.wordpress.org/wordfence/",
                "reference": "tags/5.1.2"
            },
            "dist": {
                "type": "zip",
                "url": "http://downloads.wordpress.org/plugin/wordfence.5.1.2.zip",
                "reference": null,
                "shasum": null
            },
            "require": {
                "composer/installers": "~1.0"
            },
            "type": "wordpress-plugin",
            "homepage": "http://wordpress.org/plugins/wordfence/"
        },
        {
            "name": "wpackagist/wp-resized-image-quality",
            "version": "2.1.2",
            "source": {
                "type": "svn",
                "url": "http://plugins.svn.wordpress.org/wp-resized-image-quality/",
                "reference": "tags/2.1.2"
            },
            "dist": {
                "type": "zip",
                "url": "http://downloads.wordpress.org/plugin/wp-resized-image-quality.2.1.2.zip",
                "reference": null,
                "shasum": null
            },
            "require": {
                "composer/installers": "~1.0"
            },
            "type": "wordpress-plugin",
            "homepage": "http://wordpress.org/plugins/wp-resized-image-quality/"
        },
        {
            "name": "yoast/clicky",
            "version": "1.4.2.4",
            "dist": {
                "type": "zip",
                "url": "http://downloads.wordpress.org/plugin/clicky.1.4.2.4.zip",
                "reference": null,
                "shasum": null
            },
            "type": "wordpress-plugin"
        }
    ],
    "packages-dev": [

    ],
    "aliases": [

    ],
    "minimum-stability": "stable",
    "stability-flags": [

    ],
    "platform": {
        "php": ">=5.3.0"
    },
    "platform-dev": [

    ]
}
